
Microsoft Visual Studio Solution File, Format Version 12.00
# Visual Studio Version 17
VisualStudioVersion = 17.6.33829.357
MinimumVisualStudioVersion = 10.0.40219.1
Project("{9A19103F-16F7-4668-BE54-9A1E7A4F7556}") = "Student-ID200541042", "Student-ID200541042\Student-ID200541042.csproj", "{F37AB179-1A40-44AC-8D52-DED51A37CCA5}"
EndProject
Global
	GlobalSection(SolutionConfigurationPlatforms) = preSolution
		Debug|Any CPU = Debug|Any CPU
		Release|Any CPU = Release|Any CPU
	EndGlobalSection
	GlobalSection(ProjectConfigurationPlatforms) = postSolution
		{F37AB179-1A40-44AC-8D52-DED51A37CCA5}.Debug|Any CPU.ActiveCfg = Debug|Any CPU
		{F37AB179-1A40-44AC-8D52-DED51A37CCA5}.Debug|Any CPU.Build.0 = Debug|Any CPU
		{F37AB179-1A40-44AC-8D52-DED51A37CCA5}.Release|Any CPU.ActiveCfg = Release|Any CPU
		{F37AB179-1A40-44AC-8D52-DED51A37CCA5}.Release|Any CPU.Build.0 = Release|Any CPU
	EndGlobalSection
	GlobalSection(SolutionProperties) = preSolution
		HideSolutionNode = FALSE
	EndGlobalSection
	GlobalSection(ExtensibilityGlobals) = postSolution
		SolutionGuid = {DD8518BC-B822-4895-8F71-3F7AA6B9BF42}
	EndGlobalSection
EndGlobal
